// !$*UTF8*$!
{
	archiveVersion = 1;
	classes = {
	};
	objectVersion = 46;
	objects = {

/* Begin PBXBuildFile section */
		DA2C809919F2257700130516 /* AppDelegate.swift in Sources */ = {isa = PBXBuildFile; fileRef = DA2C809819F2257700130516 /* AppDelegate.swift */; };
		DA2C809B19F2257700130516 /* ViewController.swift in Sources */ = {isa = PBXBuildFile; fileRef = DA2C809A19F2257700130516 /* ViewController.swift */; };
		DA2C809E19F2257700130516 /* Main.storyboard in Resources */ = {isa = PBXBuildFile; fileRef = DA2C809C19F2257700130516 /* Main.storyboard */; };
		DA2C80A019F2257700130516 /* Images.xcassets in Resources */ = {isa = PBXBuildFile; fileRef = DA2C809F19F2257700130516 /* Images.xcassets */; };
		DA2C80A319F2257700130516 /* LaunchScreen.xib in Resources */ = {isa = PBXBuildFile; fileRef = DA2C80A119F2257700130516 /* LaunchScreen.xib */; };
		DA2C80AF19F2257700130516 /* War2Tests.swift in Sources */ = {isa = PBXBuildFile; fileRef = DA2C80AE19F2257700130516 /* War2Tests.swift */; };
/* End PBXBuildFile section */

/* Begin PBXContainerItemProxy section */
		DA2C80A919F2257700130516 /* PBXContainerItemProxy */ = {
			isa = PBXContainerItemProxy;
			containerPortal = DA2C808B19F2257700130516 /* Project object */;
			proxyType = 1;
			remoteGlobalIDString = DA2C809219F2257700130516;
			remoteInfo = War2;
		};
/* End PBXContainerItemProxy section */

/* Begin PBXFileReference section */
		DA2C809319F2257700130516 /* War2.app */ = {isa = PBXFileReference; explicitFileType = wrapper.application; includeInIndex = 0; path = War2.app; sourceTree = BUILT_PRODUCTS_DIR; };
		DA2C809719F2257700130516 /* Info.plist */ = {isa = PBXFileReference; lastKnownFileType = text.plist.xml; path = Info.plist; sourceTree = "<group>"; };
		DA2C809819F2257700130516 /* AppDelegate.swift */ = {isa = PBXFileReference; lastKnownFileType = sourcecode.swift; path = AppDelegate.swift; sourceTree = "<group>"; };
		DA2C809A19F2257700130516 /* ViewController.swift */ = {isa = PBXFileReference; lastKnownFileType = sourcecode.swift; path = ViewController.swift; sourceTree = "<group>"; };
		DA2C809D19F2257700130516 /* Base */ = {isa = PBXFileReference; lastKnownFileType = file.storyboard; name = Base; path = Base.lproj/Main.storyboard; sourceTree = "<group>"; };
		DA2C809F19F2257700130516 /* Images.xcassets */ = {isa = PBXFileReference; lastKnownFileType = folder.assetcatalog; path = Images.xcassets; sourceTree = "<group>"; };
		DA2C80A219F2257700130516 /* Base */ = {isa = PBXFileReference; lastKnownFileType = file.xib; name = Base; path = Base.lproj/LaunchScreen.xib; sourceTree = "<group>"; };
		DA2C80A819F2257700130516 /* War2Tests.xctest */ = {isa = PBXFileReference; explicitFileType = wrapper.cfbundle; includeInIndex = 0; path = War2Tests.xctest; sourceTree = BUILT_PRODUCTS_DIR; };
		DA2C80AD19F2257700130516 /* Info.plist */ = {isa = PBXFileReference; lastKnownFileType = text.plist.xml; path = Info.plist; sourceTree = "<group>"; };
		DA2C80AE19F2257700130516 /* War2Tests.swift */ = {isa = PBXFileReference; lastKnownFileType = sourcecode.swift; path = War2Tests.swift; sourceTree = "<group>"; };
/* End PBXFileReference section */

/* Begin PBXFrameworksBuildPhase section */
		DA2C809019F2257700130516 /* Frameworks */ = {
			isa = PBXFrameworksBuildPhase;
			buildActionMask = 2147483647;
			files = (
			);
			runOnlyForDeploymentPostprocessing = 0;
		};
		DA2C80A519F2257700130516 /* Frameworks */ = {
			isa = PBXFrameworksBuildPhase;
			buildActionMask = 2147483647;
			files = (
			);
			runOnlyForDeploymentPostprocessing = 0;
		};
/* End PBXFrameworksBuildPhase section */

/* Begin PBXGroup section */
		DA2C808A19F2257700130516 = {
			isa = PBXGroup;
			children = (
				DA2C809519F2257700130516 /* War2 */,
				DA2C80AB19F2257700130516 /* War2Tests */,
				DA2C809419F2257700130516 /* Products */,
			);
			sourceTree = "<group>";
		};
		DA2C809419F2257700130516 /* Products */ = {
			isa = PBXGroup;
			children = (
				DA2C809319F2257700130516 /* War2.app */,
				DA2C80A819F2257700130516 /* War2Tests.xctest */,
			);
			name = Products;
			sourceTree = "<group>";
		};
		DA2C809519F2257700130516 /* War2 */ = {
			isa = PBXGroup;
			children = (
				DA2C809819F2257700130516 /* AppDelegate.swift */,
				DA2C809A19F2257700130516 /* ViewController.swift */,
				DA2C809C19F2257700130516 /* Main.storyboard */,
				DA2C809F19F2257700130516 /* Images.xcassets */,
				DA2C80A119F2257700130516 /* LaunchScreen.xib */,
				DA2C809619F2257700130516 /* Supporting Files */,
			);
			path = War2;
			sourceTree = "<group>";
		};
		DA2C809619F2257700130516 /* Supporting Files */ = {
			isa = PBXGroup;
			children = (
				DA2C809719F2257700130516 /* Info.plist */,
			);
			name = "Supporting Files";
			sourceTree = "<group>";
		};
		DA2C80AB19F2257700130516 /* War2Tests */ = {
			isa = PBXGroup;
			children = (
				DA2C80AE19F2257700130516 /* War2Tests.swift */,
				DA2C80AC19F2257700130516 /* Supporting Files */,
			);
			path = War2Tests;
			sourceTree = "<group>";
		};
		DA2C80AC19F2257700130516 /* Supporting Files */ = {
			isa = PBXGroup;
			children = (
				DA2C80AD19F2257700130516 /* Info.plist */,
			);
			name = "Supporting Files";
			sourceTree = "<group>";
		};
/* End PBXGroup section */

/* Begin PBXNativeTarget section */
		DA2C809219F2257700130516 /* War2 */ = {
			isa = PBXNativeTarget;
			buildConfigurationList = DA2C80B219F2257700130516 /* Build configuration list for PBXNativeTarget "War2" */;
			buildPhases = (
				DA2C808F19F2257700130516 /* Sources */,
				DA2C809019F2257700130516 /* Frameworks */,
				DA2C809119F2257700130516 /* Resources */,
			);
			buildRules = (
			);
			dependencies = (
			);
			name = War2;
			productName = War2;
			productReference = DA2C809319F2257700130516 /* War2.app */;
			productType = "com.apple.product-type.application";
		};
		DA2C80A719F2257700130516 /* War2Tests */ = {
			isa = PBXNativeTarget;
			buildConfigurationList = DA2C80B519F2257700130516 /* Build configuration list for PBXNativeTarget "War2Tests" */;
			buildPhases = (
				DA2C80A419F2257700130516 /* Sources */,
				DA2C80A519F2257700130516 /* Frameworks */,
				DA2C80A619F2257700130516 /* Resources */,
			);
			buildRules = (
			);
			dependencies = (
				DA2C80AA19F2257700130516 /* PBXTargetDependency */,
			);
			name = War2Tests;
			productName = War2Tests;
			productReference = DA2C80A819F2257700130516 /* War2Tests.xctest */;
			productType = "com.apple.product-type.bundle.unit-test";
		};
/* End PBXNativeTarget section */

/* Begin PBXProject section */
		DA2C808B19F2257700130516 /* Project object */ = {
			isa = PBXProject;
			attributes = {
				LastUpgradeCheck = 0600;
				ORGANIZATIONNAME = "Joe Chang";
				TargetAttributes = {
					DA2C809219F2257700130516 = {
						CreatedOnToolsVersion = 6.0.1;
					};
					DA2C80A719F2257700130516 = {
						CreatedOnToolsVersion = 6.0.1;
						TestTargetID = DA2C809219F2257700130516;
					};
				};
			};
			buildConfigurationList = DA2C808E19F2257700130516 /* Build configuration list for PBXProject "War2" */;
			compatibilityVersion = "Xcode 3.2";
			developmentRegion = English;
			hasScannedForEncodings = 0;
			knownRegions = (
				en,
				Base,
			);
			mainGroup = DA2C808A19F2257700130516;
			productRefGroup = DA2C809419F2257700130516 /* Products */;
			projectDirPath = "";
			projectRoot = "";
			targets = (
				DA2C809219F2257700130516 /* War2 */,
				DA2C80A719F2257700130516 /* War2Tests */,
			);
		};
/* End PBXProject section */

/* Begin PBXResourcesBuildPhase section */
		DA2C809119F2257700130516 /* Resources */ = {
			isa = PBXResourcesBuildPhase;
			buildActionMask = 2147483647;
			files = (
				DA2C809E19F2257700130516 /* Main.storyboard in Resources */,
				DA2C80A319F2257700130516 /* LaunchScreen.xib in Resources */,
				DA2C80A019F2257700130516 /* Images.xcassets in Resources */,
			);
			runOnlyForDeploymentPostprocessing = 0;
		};
		DA2C80A619F2257700130516 /* Resources */ = {
			isa = PBXResourcesBuildPhase;
			buildActionMask = 2147483647;
			files = (
			);
			runOnlyForDeploymentPostprocessing = 0;
		};
/* End PBXResourcesBuildPhase section */

/* Begin PBXSourcesBuildPhase section */
		DA2C808F19F2257700130516 /* Sources */ = {
			isa = PBXSourcesBuildPhase;
			buildActionMask = 2147483647;
			files = (
				DA2C809B19F2257700130516 /* ViewController.swift in Sources */,
				DA2C809919F2257700130516 /* AppDelegate.swift in Sources */,
			);
			runOnlyForDeploymentPostprocessing = 0;
		};
		DA2C80A419F2257700130516 /* Sources */ = {
			isa = PBXSourcesBuildPhase;
			buildActionMask = 2147483647;
			files = (
				DA2C80AF19F2257700130516 /* War2Tests.swift in Sources */,
			);
			runOnlyForDeploymentPostprocessing = 0;
		};
/* End PBXSourcesBuildPhase section */

/* Begin PBXTargetDependency section */
		DA2C80AA19F2257700130516 /* PBXTargetDependency */ = {
			isa = PBXTargetDependency;
			target = DA2C809219F2257700130516 /* War2 */;
			targetProxy = DA2C80A919F2257700130516 /* PBXContainerItemProxy */;
		};
/* End PBXTargetDependency section */

/* Begin PBXVariantGroup section */
		DA2C809C19F2257700130516 /* Main.storyboard */ = {
			isa = PBXVariantGroup;
			children = (
				DA2C809D19F2257700130516 /* Base */,
			);
			name = Main.storyboard;
			sourceTree = "<group>";
		};
		DA2C80A119F2257700130516 /* LaunchScreen.xib */ = {
			isa = PBXVariantGroup;
			children = (
				DA2C80A219F2257700130516 /* Base */,
			);
			name = LaunchScreen.xib;
			sourceTree = "<group>";
		};
/* End PBXVariantGroup section */

/* Begin XCBuildConfiguration section */
		DA2C80B019F2257700130516 /* Debug */ = {
			isa = XCBuildConfiguration;
			buildSettings = {
				ALWAYS_SEARCH_USER_PATHS = NO;
				CLANG_CXX_LANGUAGE_STANDARD = "gnu++0x";
				CLANG_CXX_LIBRARY = "libc++";
				CLANG_ENABLE_MODULES = YES;
				CLANG_ENABLE_OBJC_ARC = YES;
				CLANG_WARN_BOOL_CONVERSION = YES;
				CLANG_WARN_CONSTANT_CONVERSION = YES;
				CLANG_WARN_DIRECT_OBJC_ISA_USAGE = YES_ERROR;
				CLANG_WARN_EMPTY_BODY = YES;
				CLANG_WARN_ENUM_CONVERSION = YES;
				CLANG_WARN_INT_CONVERSION = YES;
				CLANG_WARN_OBJC_ROOT_CLASS = YES_ERROR;
				CLANG_WARN_UNREACHABLE_CODE = YES;
				CLANG_WARN__DUPLICATE_METHOD_MATCH = YES;
				"CODE_SIGN_IDENTITY[sdk=iphoneos*]" = "iPhone Developer";
				COPY_PHASE_STRIP = NO;
				ENABLE_STRICT_OBJC_MSGSEND = YES;
				GCC_C_LANGUAGE_STANDARD = gnu99;
				GCC_DYNAMIC_NO_PIC = NO;
				GCC_OPTIMIZATION_LEVEL = 0;
				GCC_PREPROCESSOR_DEFINITIONS = (
					"DEBUG=1",
					"$(inherited)",
				);
				GCC_SYMBOLS_PRIVATE_EXTERN = NO;
				GCC_WARN_64_TO_32_BIT_CONVERSION = YES;
				GCC_WARN_ABOUT_RETURN_TYPE = YES_ERROR;
				GCC_WARN_UNDECLARED_SELECTOR = YES;
				GCC_WARN_UNINITIALIZED_AUTOS = YES_AGGRESSIVE;
				GCC_WARN_UNUSED_FUNCTION = YES;
				GCC_WARN_UNUSED_VARIABLE = YES;
				IPHONEOS_DEPLOYMENT_TARGET = 8.0;
				MTL_ENABLE_DEBUG_INFO = YES;
				ONLY_ACTIVE_ARCH = YES;
				SDKROOT = iphoneos;
				SWIFT_OPTIMIZATION_LEVEL = "-Onone";
			};
			name = Debug;
		};
		DA2C80B119F2257700130516 /* Release */ = {
			isa = XCBuildConfiguration;
			buildSettings = {
				ALWAYS_SEARCH_USER_PATHS = NO;
				CLANG_CXX_LANGUAGE_STANDARD = "gnu++0x";
				CLANG_CXX_LIBRARY = "libc++";
				CLANG_ENABLE_MODULES = YES;
				CLANG_ENABLE_OBJC_ARC = YES;
				CLANG_WARN_BOOL_CONVERSION = YES;
				CLANG_WARN_CONSTANT_CONVERSION = YES;
				CLANG_WARN_DIRECT_OBJC_ISA_USAGE = YES_ERROR;
				CLANG_WARN_EMPTY_BODY = YES;
				CLANG_WARN_ENUM_CONVERSION = YES;
				CLANG_WARN_INT_CONVERSION = YES;
				CLANG_WARN_OBJC_ROOT_CLASS = YES_ERROR;
				CLANG_WARN_UNREACHABLE_CODE = YES;
				CLANG_WARN__DUPLICATE_METHOD_MATCH = YES;
				"CODE_SIGN_IDENTITY[sdk=iphoneos*]" = "iPhone Developer";
				COPY_PHASE_STRIP = YES;
				ENABLE_NS_ASSERTIONS = NO;
				ENABLE_STRICT_OBJC_MSGSEND = YES;
				GCC_C_LANGUAGE_STANDARD = gnu99;
				GCC_WARN_64_TO_32_BIT_CONVERSION = YES;
				GCC_WARN_ABOUT_RETURN_TYPE = YES_ERROR;
				GCC_WARN_UNDECLARED_SELECTOR = YES;
				GCC_WARN_UNINITIALIZED_AUTOS = YES_AGGRESSIVE;
				GCC_WARN_UNUSED_FUNCTION = YES;
				GCC_WARN_UNUSED_VARIABLE = YES;
				IPHONEOS_DEPLOYMENT_TARGET = 8.0;
				MTL_ENABLE_DEBUG_INFO = NO;
				SDKROOT = iphoneos;
				VALIDATE_PRODUCT = YES;
			};
			name = Release;
		};
		DA2C80B319F2257700130516 /* Debug */ = {
			isa = XCBuildConfiguration;
			buildSettings = {
				ASSETCATALOG_COMPILER_APPICON_NAME = AppIcon;
				INFOPLIST_FILE = War2/Info.plist;
				LD_RUNPATH_SEARCH_PATHS = "$(inherited) @executable_path/Frameworks";
				PRODUCT_NAME = "$(TARGET_NAME)";
			};
			name = Debug;
		};
		DA2C80B419F2257700130516 /* Release */ = {
			isa = XCBuildConfiguration;
			buildSettings = {
				ASSETCATALOG_COMPILER_APPICON_NAME = AppIcon;
				INFOPLIST_FILE = War2/Info.plist;
				LD_RUNPATH_SEARCH_PATHS = "$(inherited) @executable_path/Frameworks";
				PRODUCT_NAME = "$(TARGET_NAME)";
			};
			name = Release;
		};
		DA2C80B619F2257700130516 /* Debug */ = {
			isa = XCBuildConfiguration;
			buildSettings = {
				BUNDLE_LOADER = "$(TEST_HOST)";
				FRAMEWORK_SEARCH_PATHS = (
					"$(SDKROOT)/Developer/Library/Frameworks",
					"$(inherited)",
				);
				GCC_PREPROCESSOR_DEFINITIONS = (
					"DEBUG=1",
					"$(inherited)",
				);
				INFOPLIST_FILE = War2Tests/Info.plist;
				LD_RUNPATH_SEARCH_PATHS = "$(inherited) @executable_path/Frameworks @loader_path/Frameworks";
				PRODUCT_NAME = "$(TARGET_NAME)";
				TEST_HOST = "$(BUILT_PRODUCTS_DIR)/War2.app/War2";
			};
			name = Debug;
		};
		DA2C80B719F2257700130516 /* Release */ = {
			isa = XCBuildConfiguration;
			buildSettings = {
				BUNDLE_LOADER = "$(TEST_HOST)";
				FRAMEWORK_SEARCH_PATHS = (
					"$(SDKROOT)/Developer/Library/Frameworks",
					"$(inherited)",
				);
				INFOPLIST_FILE = War2Tests/Info.plist;
				LD_RUNPATH_SEARCH_PATHS = "$(inherited) @executable_path/Frameworks @loader_path/Frameworks";
				PRODUCT_NAME = "$(TARGET_NAME)";
				TEST_HOST = "$(BUILT_PRODUCTS_DIR)/War2.app/War2";
			};
			name = Release;
		};
/* End XCBuildConfiguration section */

/* Begin XCConfigurationList section */
		DA2C808E19F2257700130516 /* Build configuration list for PBXProject "War2" */ = {
			isa = XCConfigurationList;
			buildConfigurations = (
				DA2C80B019F2257700130516 /* Debug */,
				DA2C80B119F2257700130516 /* Release */,
			);
			defaultConfigurationIsVisible = 0;
			defaultConfigurationName = Release;
		};
		DA2C80B219F2257700130516 /* Build configuration list for PBXNativeTarget "War2" */ = {
			isa = XCConfigurationList;
			buildConfigurations = (
				DA2C80B319F2257700130516 /* Debug */,
				DA2C80B419F2257700130516 /* Release */,
			);
			defaultConfigurationIsVisible = 0;
		};
		DA2C80B519F2257700130516 /* Build configuration list for PBXNativeTarget "War2Tests" */ = {
			isa = XCConfigurationList;
			buildConfigurations = (
				DA2C80B619F2257700130516 /* Debug */,
				DA2C80B719F2257700130516 /* Release */,
			);
			defaultConfigurationIsVisible = 0;
		};
/* End XCConfigurationList section */
	};
	rootObject = DA2C808B19F2257700130516 /* Project object */;
}
